
Microsoft Visual Studio Solution File, Format Version 12.00
Project("{FAE04EC0-301F-11D3-BF4B-00C04F79EFBC}") = "week10", "week10\week10.csproj", "{5FEE5870-EAF9-4011-821E-40A433CEF91F}"
EndProject
Global
	GlobalSection(SolutionConfigurationPlatforms) = preSolution
		Debug|Any CPU = Debug|Any CPU
		Release|Any CPU = Release|Any CPU
	EndGlobalSection
	GlobalSection(ProjectConfigurationPlatforms) = postSolution
		{5FEE5870-EAF9-4011-821E-40A433CEF91F}.Debug|Any CPU.ActiveCfg = Debug|Any CPU
		{5FEE5870-EAF9-4011-821E-40A433CEF91F}.Debug|Any CPU.Build.0 = Debug|Any CPU
		{5FEE5870-EAF9-4011-821E-40A433CEF91F}.Release|Any CPU.ActiveCfg = Release|Any CPU
		{5FEE5870-EAF9-4011-821E-40A433CEF91F}.Release|Any CPU.Build.0 = Release|Any CPU
	EndGlobalSection
EndGlobal
